
Microsoft Visual Studio Solution File, Format Version 12.00
# Visual Studio Version 16
VisualStudioVersion = 16.0.30225.117
MinimumVisualStudioVersion = 10.0.40219.1
Project("{9A19103F-16F7-4668-BE54-9A1E7A4F7556}") = "BlazorApp", "BlazorApp.csproj", "{210E1FDA-F8D0-4925-A1B8-9DD84C2D7187}"
EndProject
Global
	GlobalSection(SolutionConfigurationPlatforms) = preSolution
		Debug|Any CPU = Debug|Any CPU
		Release|Any CPU = Release|Any CPU
	EndGlobalSection
	GlobalSection(ProjectConfigurationPlatforms) = postSolution
		{210E1FDA-F8D0-4925-A1B8-9DD84C2D7187}.Debug|Any CPU.ActiveCfg = Debug|Any CPU
		{210E1FDA-F8D0-4925-A1B8-9DD84C2D7187}.Debug|Any CPU.Build.0 = Debug|Any CPU
		{210E1FDA-F8D0-4925-A1B8-9DD84C2D7187}.Release|Any CPU.ActiveCfg = Release|Any CPU
		{210E1FDA-F8D0-4925-A1B8-9DD84C2D7187}.Release|Any CPU.Build.0 = Release|Any CPU
	EndGlobalSection
	GlobalSection(SolutionProperties) = preSolution
		HideSolutionNode = FALSE
	EndGlobalSection
	GlobalSection(ExtensibilityGlobals) = postSolution
		SolutionGuid = {C892D6BE-7EBF-4FEF-A556-5F5F2F6305B2}
	EndGlobalSection
EndGlobal
